
Microsoft Visual Studio Solution File, Format Version 12.00
# Visual Studio Version 17
VisualStudioVersion = 17.0.31903.59
MinimumVisualStudioVersion = 10.0.40219.1
Project("{FAE04EC0-301F-11D3-BF4B-00C04F79EFBC}") = "SiloHost", "SiloHost\SiloHost.csproj", "{C4EFEE30-8A4A-4DD5-BD44-ED61B9999F72}"
EndProject
Project("{FAE04EC0-301F-11D3-BF4B-00C04F79EFBC}") = "StocksStreamSubscriptionClient", "StocksStreamSubscriptionClient\StocksStreamSubscriptionClient.csproj", "{21412258-3934-4F60-99B3-CC744C80EA0C}"
EndProject
Project("{FAE04EC0-301F-11D3-BF4B-00C04F79EFBC}") = "Grains", "Grains\Grains.csproj", "{F0EBDB0C-EA96-4FF0-96DE-1562FD3BF41C}"
EndProject
Project("{FAE04EC0-301F-11D3-BF4B-00C04F79EFBC}") = "Grains.Interfaces", "Grains.Interfaces\Grains.Interfaces.csproj", "{90392454-3621-48D8-A420-5B560EF79455}"
EndProject
Global
	GlobalSection(SolutionConfigurationPlatforms) = preSolution
		Debug|Any CPU = Debug|Any CPU
		Release|Any CPU = Release|Any CPU
	EndGlobalSection
	GlobalSection(ProjectConfigurationPlatforms) = postSolution
		{C4EFEE30-8A4A-4DD5-BD44-ED61B9999F72}.Debug|Any CPU.ActiveCfg = Debug|Any CPU
		{C4EFEE30-8A4A-4DD5-BD44-ED61B9999F72}.Debug|Any CPU.Build.0 = Debug|Any CPU
		{C4EFEE30-8A4A-4DD5-BD44-ED61B9999F72}.Release|Any CPU.ActiveCfg = Release|Any CPU
		{C4EFEE30-8A4A-4DD5-BD44-ED61B9999F72}.Release|Any CPU.Build.0 = Release|Any CPU
		{21412258-3934-4F60-99B3-CC744C80EA0C}.Debug|Any CPU.ActiveCfg = Debug|Any CPU
		{21412258-3934-4F60-99B3-CC744C80EA0C}.Debug|Any CPU.Build.0 = Debug|Any CPU
		{21412258-3934-4F60-99B3-CC744C80EA0C}.Release|Any CPU.ActiveCfg = Release|Any CPU
		{21412258-3934-4F60-99B3-CC744C80EA0C}.Release|Any CPU.Build.0 = Release|Any CPU
		{F0EBDB0C-EA96-4FF0-96DE-1562FD3BF41C}.Debug|Any CPU.ActiveCfg = Debug|Any CPU
		{F0EBDB0C-EA96-4FF0-96DE-1562FD3BF41C}.Debug|Any CPU.Build.0 = Debug|Any CPU
		{F0EBDB0C-EA96-4FF0-96DE-1562FD3BF41C}.Release|Any CPU.ActiveCfg = Release|Any CPU
		{F0EBDB0C-EA96-4FF0-96DE-1562FD3BF41C}.Release|Any CPU.Build.0 = Release|Any CPU
		{90392454-3621-48D8-A420-5B560EF79455}.Debug|Any CPU.ActiveCfg = Debug|Any CPU
		{90392454-3621-48D8-A420-5B560EF79455}.Debug|Any CPU.Build.0 = Debug|Any CPU
		{90392454-3621-48D8-A420-5B560EF79455}.Release|Any CPU.ActiveCfg = Release|Any CPU
		{90392454-3621-48D8-A420-5B560EF79455}.Release|Any CPU.Build.0 = Release|Any CPU
	EndGlobalSection
	GlobalSection(SolutionProperties) = preSolution
		HideSolutionNode = FALSE
	EndGlobalSection
	GlobalSection(ExtensibilityGlobals) = postSolution
		SolutionGuid = {C62C55AB-E75E-4B32-9822-DBBECEE9EFBB}
	EndGlobalSection
EndGlobal
